
Microsoft Visual Studio Solution File, Format Version 12.00
# Visual Studio Version 17
VisualStudioVersion = 17.10.34928.147
MinimumVisualStudioVersion = 10.0.40219.1
Project("{9A19103F-16F7-4668-BE54-9A1E7A4F7556}") = "DN-2_KeywordsIdentifiers", "DN-2_KeywordsIdentifiers\DN-2_KeywordsIdentifiers.csproj", "{D6CCCF32-8617-4450-BCD1-60566CAC35D3}"
EndProject
Project("{9A19103F-16F7-4668-BE54-9A1E7A4F7556}") = "DN-1_ReadWrite", "DN-1_ReadWrite\DN-1_ReadWrite.csproj", "{19A5257B-DD78-4727-87AD-D74F06C53618}"
EndProject
Project("{FAE04EC0-301F-11D3-BF4B-00C04F79EFBC}") = "DN-3_Variables", "Variables\DN-3_Variables.csproj", "{8BC7D02B-A167-4CA1-AE1F-2FA4CFFB16FE}"
EndProject
Project("{FAE04EC0-301F-11D3-BF4B-00C04F79EFBC}") = "DN-4_Types", "DN-4_Types\DN-4_Types.csproj", "{9834F153-CA4B-4379-9025-9FEE4BE8BF15}"
EndProject
Global
	GlobalSection(SolutionConfigurationPlatforms) = preSolution
		Debug|Any CPU = Debug|Any CPU
		Release|Any CPU = Release|Any CPU
	EndGlobalSection
	GlobalSection(ProjectConfigurationPlatforms) = postSolution
		{D6CCCF32-8617-4450-BCD1-60566CAC35D3}.Debug|Any CPU.ActiveCfg = Debug|Any CPU
		{D6CCCF32-8617-4450-BCD1-60566CAC35D3}.Debug|Any CPU.Build.0 = Debug|Any CPU
		{D6CCCF32-8617-4450-BCD1-60566CAC35D3}.Release|Any CPU.ActiveCfg = Release|Any CPU
		{D6CCCF32-8617-4450-BCD1-60566CAC35D3}.Release|Any CPU.Build.0 = Release|Any CPU
		{19A5257B-DD78-4727-87AD-D74F06C53618}.Debug|Any CPU.ActiveCfg = Debug|Any CPU
		{19A5257B-DD78-4727-87AD-D74F06C53618}.Debug|Any CPU.Build.0 = Debug|Any CPU
		{19A5257B-DD78-4727-87AD-D74F06C53618}.Release|Any CPU.ActiveCfg = Release|Any CPU
		{19A5257B-DD78-4727-87AD-D74F06C53618}.Release|Any CPU.Build.0 = Release|Any CPU
		{8BC7D02B-A167-4CA1-AE1F-2FA4CFFB16FE}.Debug|Any CPU.ActiveCfg = Debug|Any CPU
		{8BC7D02B-A167-4CA1-AE1F-2FA4CFFB16FE}.Debug|Any CPU.Build.0 = Debug|Any CPU
		{8BC7D02B-A167-4CA1-AE1F-2FA4CFFB16FE}.Release|Any CPU.ActiveCfg = Release|Any CPU
		{8BC7D02B-A167-4CA1-AE1F-2FA4CFFB16FE}.Release|Any CPU.Build.0 = Release|Any CPU
		{9834F153-CA4B-4379-9025-9FEE4BE8BF15}.Debug|Any CPU.ActiveCfg = Debug|Any CPU
		{9834F153-CA4B-4379-9025-9FEE4BE8BF15}.Debug|Any CPU.Build.0 = Debug|Any CPU
		{9834F153-CA4B-4379-9025-9FEE4BE8BF15}.Release|Any CPU.ActiveCfg = Release|Any CPU
		{9834F153-CA4B-4379-9025-9FEE4BE8BF15}.Release|Any CPU.Build.0 = Release|Any CPU
	EndGlobalSection
	GlobalSection(SolutionProperties) = preSolution
		HideSolutionNode = FALSE
	EndGlobalSection
	GlobalSection(ExtensibilityGlobals) = postSolution
		SolutionGuid = {1FE77589-D346-4325-8366-28B02526BB3F}
	EndGlobalSection
EndGlobal
